
Microsoft Visual Studio Solution File, Format Version 12.00
# Visual Studio 2012
Project("{FAE04EC0-301F-11D3-BF4B-00C04F79EFBC}") = "BoltMQ.Tests", "BoltMQ.Tests\BoltMQ.Tests.csproj", "{49FD35D6-006A-4C4B-A102-70BE0AE78D13}"
EndProject
Project("{FAE04EC0-301F-11D3-BF4B-00C04F79EFBC}") = "BoltMQ", "BoltMQ\BoltMQ.csproj", "{18A5CDB5-2AF6-4E58-AFDD-A93D657C539E}"
EndProject
Project("{2150E333-8FDC-42A3-9474-1A3956D46DE8}") = "Samples", "Samples", "{6C8E42FC-5ACE-4337-BE30-DF716A88566D}"
EndProject
Project("{2150E333-8FDC-42A3-9474-1A3956D46DE8}") = "Console", "Console", "{24FAC95A-A0B7-4927-BEAF-70203FA3918B}"
EndProject
Project("{FAE04EC0-301F-11D3-BF4B-00C04F79EFBC}") = "Client", "Samples\Console\Client\Client.csproj", "{3F5EB7C2-3AC2-4882-BEDC-3B9E5FBF5A90}"
EndProject
Project("{FAE04EC0-301F-11D3-BF4B-00C04F79EFBC}") = "Server", "Samples\Console\Server\Server.csproj", "{DD7DF81B-5979-4DED-B8D2-C8C7D40C7D0C}"
EndProject
Project("{FAE04EC0-301F-11D3-BF4B-00C04F79EFBC}") = "Shared", "Samples\Shared\Shared.csproj", "{187A86A8-25A6-4821-A1C0-014B92EA6E32}"
EndProject
Project("{FAE04EC0-301F-11D3-BF4B-00C04F79EFBC}") = "BoltMQ.NUnit", "BoltMQ.NUnit\BoltMQ.NUnit.csproj", "{D36428FE-1A50-4177-B0E2-B84BF45E9B82}"
EndProject
Global
	GlobalSection(SolutionConfigurationPlatforms) = preSolution
		CoreOnly|Any CPU = CoreOnly|Any CPU
		Debug|Any CPU = Debug|Any CPU
		iOS|Any CPU = iOS|Any CPU
		Net20|Any CPU = Net20|Any CPU
		Profile|Any CPU = Profile|Any CPU
		Release|Any CPU = Release|Any CPU
		Silverlight2|Any CPU = Silverlight2|Any CPU
		Unity|Any CPU = Unity|Any CPU
	EndGlobalSection
	GlobalSection(ProjectConfigurationPlatforms) = postSolution
		{49FD35D6-006A-4C4B-A102-70BE0AE78D13}.CoreOnly|Any CPU.ActiveCfg = Release|Any CPU
		{49FD35D6-006A-4C4B-A102-70BE0AE78D13}.CoreOnly|Any CPU.Build.0 = Release|Any CPU
		{49FD35D6-006A-4C4B-A102-70BE0AE78D13}.Debug|Any CPU.ActiveCfg = Debug|Any CPU
		{49FD35D6-006A-4C4B-A102-70BE0AE78D13}.Debug|Any CPU.Build.0 = Debug|Any CPU
		{49FD35D6-006A-4C4B-A102-70BE0AE78D13}.iOS|Any CPU.ActiveCfg = Release|Any CPU
		{49FD35D6-006A-4C4B-A102-70BE0AE78D13}.iOS|Any CPU.Build.0 = Release|Any CPU
		{49FD35D6-006A-4C4B-A102-70BE0AE78D13}.Net20|Any CPU.ActiveCfg = Release|Any CPU
		{49FD35D6-006A-4C4B-A102-70BE0AE78D13}.Net20|Any CPU.Build.0 = Release|Any CPU
		{49FD35D6-006A-4C4B-A102-70BE0AE78D13}.Profile|Any CPU.ActiveCfg = Release|Any CPU
		{49FD35D6-006A-4C4B-A102-70BE0AE78D13}.Profile|Any CPU.Build.0 = Release|Any CPU
		{49FD35D6-006A-4C4B-A102-70BE0AE78D13}.Release|Any CPU.ActiveCfg = Release|Any CPU
		{49FD35D6-006A-4C4B-A102-70BE0AE78D13}.Release|Any CPU.Build.0 = Release|Any CPU
		{49FD35D6-006A-4C4B-A102-70BE0AE78D13}.Silverlight2|Any CPU.ActiveCfg = Release|Any CPU
		{49FD35D6-006A-4C4B-A102-70BE0AE78D13}.Silverlight2|Any CPU.Build.0 = Release|Any CPU
		{49FD35D6-006A-4C4B-A102-70BE0AE78D13}.Unity|Any CPU.ActiveCfg = Release|Any CPU
		{49FD35D6-006A-4C4B-A102-70BE0AE78D13}.Unity|Any CPU.Build.0 = Release|Any CPU
		{18A5CDB5-2AF6-4E58-AFDD-A93D657C539E}.CoreOnly|Any CPU.ActiveCfg = Release|Any CPU
		{18A5CDB5-2AF6-4E58-AFDD-A93D657C539E}.CoreOnly|Any CPU.Build.0 = Release|Any CPU
		{18A5CDB5-2AF6-4E58-AFDD-A93D657C539E}.Debug|Any CPU.ActiveCfg = Debug|Any CPU
		{18A5CDB5-2AF6-4E58-AFDD-A93D657C539E}.Debug|Any CPU.Build.0 = Debug|Any CPU
		{18A5CDB5-2AF6-4E58-AFDD-A93D657C539E}.iOS|Any CPU.ActiveCfg = Release|Any CPU
		{18A5CDB5-2AF6-4E58-AFDD-A93D657C539E}.iOS|Any CPU.Build.0 = Release|Any CPU
		{18A5CDB5-2AF6-4E58-AFDD-A93D657C539E}.Net20|Any CPU.ActiveCfg = Release|Any CPU
		{18A5CDB5-2AF6-4E58-AFDD-A93D657C539E}.Net20|Any CPU.Build.0 = Release|Any CPU
		{18A5CDB5-2AF6-4E58-AFDD-A93D657C539E}.Profile|Any CPU.ActiveCfg = Release|Any CPU
		{18A5CDB5-2AF6-4E58-AFDD-A93D657C539E}.Profile|Any CPU.Build.0 = Release|Any CPU
		{18A5CDB5-2AF6-4E58-AFDD-A93D657C539E}.Release|Any CPU.ActiveCfg = Release|Any CPU
		{18A5CDB5-2AF6-4E58-AFDD-A93D657C539E}.Release|Any CPU.Build.0 = Release|Any CPU
		{18A5CDB5-2AF6-4E58-AFDD-A93D657C539E}.Silverlight2|Any CPU.ActiveCfg = Release|Any CPU
		{18A5CDB5-2AF6-4E58-AFDD-A93D657C539E}.Silverlight2|Any CPU.Build.0 = Release|Any CPU
		{18A5CDB5-2AF6-4E58-AFDD-A93D657C539E}.Unity|Any CPU.ActiveCfg = Release|Any CPU
		{18A5CDB5-2AF6-4E58-AFDD-A93D657C539E}.Unity|Any CPU.Build.0 = Release|Any CPU
		{3F5EB7C2-3AC2-4882-BEDC-3B9E5FBF5A90}.CoreOnly|Any CPU.ActiveCfg = Release|Any CPU
		{3F5EB7C2-3AC2-4882-BEDC-3B9E5FBF5A90}.CoreOnly|Any CPU.Build.0 = Release|Any CPU
		{3F5EB7C2-3AC2-4882-BEDC-3B9E5FBF5A90}.Debug|Any CPU.ActiveCfg = Debug|Any CPU
		{3F5EB7C2-3AC2-4882-BEDC-3B9E5FBF5A90}.Debug|Any CPU.Build.0 = Debug|Any CPU
		{3F5EB7C2-3AC2-4882-BEDC-3B9E5FBF5A90}.iOS|Any CPU.ActiveCfg = Release|Any CPU
		{3F5EB7C2-3AC2-4882-BEDC-3B9E5FBF5A90}.iOS|Any CPU.Build.0 = Release|Any CPU
		{3F5EB7C2-3AC2-4882-BEDC-3B9E5FBF5A90}.Net20|Any CPU.ActiveCfg = Release|Any CPU
		{3F5EB7C2-3AC2-4882-BEDC-3B9E5FBF5A90}.Net20|Any CPU.Build.0 = Release|Any CPU
		{3F5EB7C2-3AC2-4882-BEDC-3B9E5FBF5A90}.Profile|Any CPU.ActiveCfg = Release|Any CPU
		{3F5EB7C2-3AC2-4882-BEDC-3B9E5FBF5A90}.Profile|Any CPU.Build.0 = Release|Any CPU
		{3F5EB7C2-3AC2-4882-BEDC-3B9E5FBF5A90}.Release|Any CPU.ActiveCfg = Release|Any CPU
		{3F5EB7C2-3AC2-4882-BEDC-3B9E5FBF5A90}.Release|Any CPU.Build.0 = Release|Any CPU
		{3F5EB7C2-3AC2-4882-BEDC-3B9E5FBF5A90}.Silverlight2|Any CPU.ActiveCfg = Release|Any CPU
		{3F5EB7C2-3AC2-4882-BEDC-3B9E5FBF5A90}.Silverlight2|Any CPU.Build.0 = Release|Any CPU
		{3F5EB7C2-3AC2-4882-BEDC-3B9E5FBF5A90}.Unity|Any CPU.ActiveCfg = Release|Any CPU
		{3F5EB7C2-3AC2-4882-BEDC-3B9E5FBF5A90}.Unity|Any CPU.Build.0 = Release|Any CPU
		{DD7DF81B-5979-4DED-B8D2-C8C7D40C7D0C}.CoreOnly|Any CPU.ActiveCfg = Release|Any CPU
		{DD7DF81B-5979-4DED-B8D2-C8C7D40C7D0C}.CoreOnly|Any CPU.Build.0 = Release|Any CPU
		{DD7DF81B-5979-4DED-B8D2-C8C7D40C7D0C}.Debug|Any CPU.ActiveCfg = Debug|Any CPU
		{DD7DF81B-5979-4DED-B8D2-C8C7D40C7D0C}.Debug|Any CPU.Build.0 = Debug|Any CPU
		{DD7DF81B-5979-4DED-B8D2-C8C7D40C7D0C}.iOS|Any CPU.ActiveCfg = Release|Any CPU
		{DD7DF81B-5979-4DED-B8D2-C8C7D40C7D0C}.iOS|Any CPU.Build.0 = Release|Any CPU
		{DD7DF81B-5979-4DED-B8D2-C8C7D40C7D0C}.Net20|Any CPU.ActiveCfg = Release|Any CPU
		{DD7DF81B-5979-4DED-B8D2-C8C7D40C7D0C}.Net20|Any CPU.Build.0 = Release|Any CPU
		{DD7DF81B-5979-4DED-B8D2-C8C7D40C7D0C}.Profile|Any CPU.ActiveCfg = Release|Any CPU
		{DD7DF81B-5979-4DED-B8D2-C8C7D40C7D0C}.Profile|Any CPU.Build.0 = Release|Any CPU
		{DD7DF81B-5979-4DED-B8D2-C8C7D40C7D0C}.Release|Any CPU.ActiveCfg = Release|Any CPU
		{DD7DF81B-5979-4DED-B8D2-C8C7D40C7D0C}.Release|Any CPU.Build.0 = Release|Any CPU
		{DD7DF81B-5979-4DED-B8D2-C8C7D40C7D0C}.Silverlight2|Any CPU.ActiveCfg = Release|Any CPU
		{DD7DF81B-5979-4DED-B8D2-C8C7D40C7D0C}.Silverlight2|Any CPU.Build.0 = Release|Any CPU
		{DD7DF81B-5979-4DED-B8D2-C8C7D40C7D0C}.Unity|Any CPU.ActiveCfg = Release|Any CPU
		{DD7DF81B-5979-4DED-B8D2-C8C7D40C7D0C}.Unity|Any CPU.Build.0 = Release|Any CPU
		{187A86A8-25A6-4821-A1C0-014B92EA6E32}.CoreOnly|Any CPU.ActiveCfg = Release|Any CPU
		{187A86A8-25A6-4821-A1C0-014B92EA6E32}.CoreOnly|Any CPU.Build.0 = Release|Any CPU
		{187A86A8-25A6-4821-A1C0-014B92EA6E32}.Debug|Any CPU.ActiveCfg = Debug|Any CPU
		{187A86A8-25A6-4821-A1C0-014B92EA6E32}.Debug|Any CPU.Build.0 = Debug|Any CPU
		{187A86A8-25A6-4821-A1C0-014B92EA6E32}.iOS|Any CPU.ActiveCfg = Release|Any CPU
		{187A86A8-25A6-4821-A1C0-014B92EA6E32}.iOS|Any CPU.Build.0 = Release|Any CPU
		{187A86A8-25A6-4821-A1C0-014B92EA6E32}.Net20|Any CPU.ActiveCfg = Release|Any CPU
		{187A86A8-25A6-4821-A1C0-014B92EA6E32}.Net20|Any CPU.Build.0 = Release|Any CPU
		{187A86A8-25A6-4821-A1C0-014B92EA6E32}.Profile|Any CPU.ActiveCfg = Release|Any CPU
		{187A86A8-25A6-4821-A1C0-014B92EA6E32}.Profile|Any CPU.Build.0 = Release|Any CPU
		{187A86A8-25A6-4821-A1C0-014B92EA6E32}.Release|Any CPU.ActiveCfg = Release|Any CPU
		{187A86A8-25A6-4821-A1C0-014B92EA6E32}.Release|Any CPU.Build.0 = Release|Any CPU
		{187A86A8-25A6-4821-A1C0-014B92EA6E32}.Silverlight2|Any CPU.ActiveCfg = Release|Any CPU
		{187A86A8-25A6-4821-A1C0-014B92EA6E32}.Silverlight2|Any CPU.Build.0 = Release|Any CPU
		{187A86A8-25A6-4821-A1C0-014B92EA6E32}.Unity|Any CPU.ActiveCfg = Release|Any CPU
		{187A86A8-25A6-4821-A1C0-014B92EA6E32}.Unity|Any CPU.Build.0 = Release|Any CPU
		{D36428FE-1A50-4177-B0E2-B84BF45E9B82}.CoreOnly|Any CPU.ActiveCfg = Release|Any CPU
		{D36428FE-1A50-4177-B0E2-B84BF45E9B82}.CoreOnly|Any CPU.Build.0 = Release|Any CPU
		{D36428FE-1A50-4177-B0E2-B84BF45E9B82}.Debug|Any CPU.ActiveCfg = Debug|Any CPU
		{D36428FE-1A50-4177-B0E2-B84BF45E9B82}.Debug|Any CPU.Build.0 = Debug|Any CPU
		{D36428FE-1A50-4177-B0E2-B84BF45E9B82}.iOS|Any CPU.ActiveCfg = Release|Any CPU
		{D36428FE-1A50-4177-B0E2-B84BF45E9B82}.iOS|Any CPU.Build.0 = Release|Any CPU
		{D36428FE-1A50-4177-B0E2-B84BF45E9B82}.Net20|Any CPU.ActiveCfg = Release|Any CPU
		{D36428FE-1A50-4177-B0E2-B84BF45E9B82}.Net20|Any CPU.Build.0 = Release|Any CPU
		{D36428FE-1A50-4177-B0E2-B84BF45E9B82}.Profile|Any CPU.ActiveCfg = Release|Any CPU
		{D36428FE-1A50-4177-B0E2-B84BF45E9B82}.Profile|Any CPU.Build.0 = Release|Any CPU
		{D36428FE-1A50-4177-B0E2-B84BF45E9B82}.Release|Any CPU.ActiveCfg = Release|Any CPU
		{D36428FE-1A50-4177-B0E2-B84BF45E9B82}.Release|Any CPU.Build.0 = Release|Any CPU
		{D36428FE-1A50-4177-B0E2-B84BF45E9B82}.Silverlight2|Any CPU.ActiveCfg = Release|Any CPU
		{D36428FE-1A50-4177-B0E2-B84BF45E9B82}.Silverlight2|Any CPU.Build.0 = Release|Any CPU
		{D36428FE-1A50-4177-B0E2-B84BF45E9B82}.Unity|Any CPU.ActiveCfg = Release|Any CPU
		{D36428FE-1A50-4177-B0E2-B84BF45E9B82}.Unity|Any CPU.Build.0 = Release|Any CPU
	EndGlobalSection
	GlobalSection(SolutionProperties) = preSolution
		HideSolutionNode = FALSE
	EndGlobalSection
	GlobalSection(NestedProjects) = preSolution
		{24FAC95A-A0B7-4927-BEAF-70203FA3918B} = {6C8E42FC-5ACE-4337-BE30-DF716A88566D}
		{187A86A8-25A6-4821-A1C0-014B92EA6E32} = {6C8E42FC-5ACE-4337-BE30-DF716A88566D}
		{3F5EB7C2-3AC2-4882-BEDC-3B9E5FBF5A90} = {24FAC95A-A0B7-4927-BEAF-70203FA3918B}
		{DD7DF81B-5979-4DED-B8D2-C8C7D40C7D0C} = {24FAC95A-A0B7-4927-BEAF-70203FA3918B}
	EndGlobalSection
EndGlobal
